<?xml version="1.0" encoding="utf-8"?>
<Project ToolsVersion="4.0" xmlns="http://schemas.microsoft.com/developer/msbuild/2003">
  <ItemGroup>
    <Filter Include="Source Files">
      <UniqueIdentifier>{4FC737F1-C7A5-4376-A066-2A32D752A2FF}</UniqueIdentifier>
      <Extensions>cpp;c;cc;cxx;c++;cppm;ixx;def;odl;idl;hpj;bat;asm;asmx</Extensions>
    </Filter>
    <Filter Include="Header Files">
      <UniqueIdentifier>{93995380-89BD-4b04-88EB-625FBE52EBFB}</UniqueIdentifier>
      <Extensions>h;hh;hpp;hxx;h++;hm;inl;inc;ipp;xsd</Extensions>
    </Filter>
    <Filter Include="Resource Files">
      <UniqueIdentifier>{67DA6AB6-F800-4c08-8B7A-83BB121AAD01}</UniqueIdentifier>
      <Extensions>rc;ico;cur;bmp;dlg;rc2;rct;bin;rgs;gif;jpg;jpeg;jpe;resx;tiff;tif;png;wav;mfcribbon-ms</Extensions>
    </Filter>
    <Filter Include="Header Files\Transformations">
      <UniqueIdentifier>{be87a867-6d62-4174-a5d6-8ff28d401484}</UniqueIdentifier>
    </Filter>
    <Filter Include="Models">
      <UniqueIdentifier>{1b670739-d507-4c5c-a776-f36377f9f4cf}</UniqueIdentifier>
    </Filter>
  </ItemGroup>
  <ItemGroup>
    <ClCompile Include="Window.cpp">
      <Filter>Source Files</Filter>
    </ClCompile>
    <ClCompile Include="Shader.cpp">
      <Filter>Source Files</Filter>
    </ClCompile>
    <ClCompile Include="Main.cpp">
      <Filter>Source Files</Filter>
    </ClCompile>
    <ClCompile Include="Application.cpp">
      <Filter>Source Files</Filter>
    </ClCompile>
    <ClCompile Include="Scene.cpp">
      <Filter>Source Files</Filter>
    </ClCompile>
    <ClCompile Include="DrawableObject.cpp">
      <Filter>Source Files</Filter>
    </ClCompile>
    <ClCompile Include="Model.cpp">
      <Filter>Source Files</Filter>
    </ClCompile>
    <ClCompile Include="ShaderProgram.cpp">
      <Filter>Source Files</Filter>
    </ClCompile>
    <ClCompile Include="TransformAction.cpp">
      <Filter>Source Files</Filter>
    </ClCompile>
    <ClCompile Include="sphere.cpp">
      <Filter>Models</Filter>
    </ClCompile>
    <ClCompile Include="bushes.cpp">
      <Filter>Models</Filter>
    </ClCompile>
    <ClCompile Include="gift.cpp">
      <Filter>Models</Filter>
    </ClCompile>
    <ClCompile Include="plain.cpp">
      <Filter>Models</Filter>
    </ClCompile>
    <ClCompile Include="suzi_flat.cpp">
      <Filter>Models</Filter>
    </ClCompile>
    <ClCompile Include="suzi_smooth.cpp">
      <Filter>Models</Filter>
    </ClCompile>
    <ClCompile Include="tree.cpp">
      <Filter>Models</Filter>
    </ClCompile>
    <ClCompile Include="house.cpp">
      <Filter>Models</Filter>
    </ClCompile>
  </ItemGroup>
  <ItemGroup>
    <ClInclude Include="Window.h">
      <Filter>Header Files</Filter>
    </ClInclude>
    <ClInclude Include="Shader.h">
      <Filter>Header Files</Filter>
    </ClInclude>
    <ClInclude Include="Application.h">
      <Filter>Header Files</Filter>
    </ClInclude>
    <ClInclude Include="Scene.h">
      <Filter>Header Files</Filter>
    </ClInclude>
    <ClInclude Include="DrawableObject.h">
      <Filter>Header Files</Filter>
    </ClInclude>
    <ClInclude Include="Model.h">
      <Filter>Header Files</Filter>
    </ClInclude>
    <ClInclude Include="ShaderProgram.h">
      <Filter>Header Files</Filter>
    </ClInclude>
    <ClInclude Include="TransformAction.h">
      <Filter>Header Files</Filter>
    </ClInclude>
    <ClInclude Include="AbstractTransformation.h">
      <Filter>Header Files</Filter>
    </ClInclude>
    <ClInclude Include="Translate.h">
      <Filter>Header Files\Transformations</Filter>
    </ClInclude>
    <ClInclude Include="DynamicTranslate.h">
      <Filter>Header Files\Transformations</Filter>
    </ClInclude>
    <ClInclude Include="DynamicRotate.h">
      <Filter>Header Files\Transformations</Filter>
    </ClInclude>
    <ClInclude Include="DynamicScale.h">
      <Filter>Header Files\Transformations</Filter>
    </ClInclude>
    <ClInclude Include="Rotate.h">
      <Filter>Header Files\Transformations</Filter>
    </ClInclude>
    <ClInclude Include="Scale.h">
      <Filter>Header Files\Transformations</Filter>
    </ClInclude>
    <ClInclude Include="sphere.h">
      <Filter>Models</Filter>
    </ClInclude>
    <ClInclude Include="bushes.h">
      <Filter>Models</Filter>
    </ClInclude>
    <ClInclude Include="gift.h">
      <Filter>Models</Filter>
    </ClInclude>
    <ClInclude Include="plain.h">
      <Filter>Models</Filter>
    </ClInclude>
    <ClInclude Include="suzi_flat.h">
      <Filter>Models</Filter>
    </ClInclude>
    <ClInclude Include="suzi_smooth.h">
      <Filter>Models</Filter>
    </ClInclude>
    <ClInclude Include="tree.h">
      <Filter>Models</Filter>
    </ClInclude>
    <ClInclude Include="house.h">
      <Filter>Models</Filter>
    </ClInclude>
  </ItemGroup>
</Project>